{
  "version": 4,
  "terraform_version": "1.2.9",
  "serial": 14,
  "lineage": "52da26df-417e-06b4-914c-4f9ed587c2ba",
  "outputs": {},
  "resources": [
    {
      "mode": "data",
      "type": "google_compute_network",
      "name": "default",
      "provider": "provider[\"registry.terraform.io/hashicorp/google\"]",
      "instances": [
        {
          "schema_version": 0,
          "attributes": {
            "description": "Default network for the project",
            "gateway_ipv4": "",
            "id": "projects/decoded-path-356013/global/networks/default",
            "name": "default",
            "project": null,
            "self_link": "https://www.googleapis.com/compute/v1/projects/decoded-path-356013/global/networks/default",
            "subnetworks_self_links": [
              "https://www.googleapis.com/compute/v1/projects/decoded-path-356013/regions/northamerica-northeast2/subnetworks/default",
              "https://www.googleapis.com/compute/v1/projects/decoded-path-356013/regions/europe-central2/subnetworks/default",
              "https://www.googleapis.com/compute/v1/projects/decoded-path-356013/regions/asia-northeast3/subnetworks/default",
              "https://www.googleapis.com/compute/v1/projects/decoded-path-356013/regions/asia-northeast1/subnetworks/default",
              "https://www.googleapis.com/compute/v1/projects/decoded-path-356013/regions/us-south1/subnetworks/default",
              "https://www.googleapis.com/compute/v1/projects/decoded-path-356013/regions/us-west1/subnetworks/default",
              "https://www.googleapis.com/compute/v1/projects/decoded-path-356013/regions/europe-west8/subnetworks/default",
              "https://www.googleapis.com/compute/v1/projects/decoded-path-356013/regions/us-west2/subnetworks/default",
              "https://www.googleapis.com/compute/v1/projects/decoded-path-356013/regions/me-west1/subnetworks/default",
              "https://www.googleapis.com/compute/v1/projects/decoded-path-356013/regions/europe-west6/subnetworks/default",
              "https://www.googleapis.com/compute/v1/projects/decoded-path-356013/regions/us-west4/subnetworks/default",
              "https://www.googleapis.com/compute/v1/projects/decoded-path-356013/regions/us-east7/subnetworks/default",
              "https://www.googleapis.com/compute/v1/projects/decoded-path-356013/regions/asia-east1/subnetworks/default",
              "https://www.googleapis.com/compute/v1/projects/decoded-path-356013/regions/southamerica-west1/subnetworks/default",
              "https://www.googleapis.com/compute/v1/projects/decoded-path-356013/regions/asia-south1/subnetworks/default",
              "https://www.googleapis.com/compute/v1/projects/decoded-path-356013/regions/europe-west3/subnetworks/default",
              "https://www.googleapis.com/compute/v1/projects/decoded-path-356013/regions/asia-east2/subnetworks/default",
              "https://www.googleapis.com/compute/v1/projects/decoded-path-356013/regions/europe-west2/subnetworks/default",
              "https://www.googleapis.com/compute/v1/projects/decoded-path-356013/regions/australia-southeast1/subnetworks/default",
              "https://www.googleapis.com/compute/v1/projects/decoded-path-356013/regions/australia-southeast2/subnetworks/default",
              "https://www.googleapis.com/compute/v1/projects/decoded-path-356013/regions/us-east4/subnetworks/default",
              "https://www.googleapis.com/compute/v1/projects/decoded-path-356013/regions/europe-north1/subnetworks/default",
              "https://www.googleapis.com/compute/v1/projects/decoded-path-356013/regions/us-east1/subnetworks/default",
              "https://www.googleapis.com/compute/v1/projects/decoded-path-356013/regions/us-central1/subnetworks/default",
              "https://www.googleapis.com/compute/v1/projects/decoded-path-356013/regions/europe-southwest1/subnetworks/default",
              "https://www.googleapis.com/compute/v1/projects/decoded-path-356013/regions/asia-southeast2/subnetworks/default",
              "https://www.googleapis.com/compute/v1/projects/decoded-path-356013/regions/europe-west1/subnetworks/default",
              "https://www.googleapis.com/compute/v1/projects/decoded-path-356013/regions/europe-west4/subnetworks/default",
              "https://www.googleapis.com/compute/v1/projects/decoded-path-356013/regions/southamerica-east1/subnetworks/default",
              "https://www.googleapis.com/compute/v1/projects/decoded-path-356013/regions/asia-south2/subnetworks/default",
              "https://www.googleapis.com/compute/v1/projects/decoded-path-356013/regions/us-west3/subnetworks/default",
              "https://www.googleapis.com/compute/v1/projects/decoded-path-356013/regions/us-east5/subnetworks/default",
              "https://www.googleapis.com/compute/v1/projects/decoded-path-356013/regions/asia-southeast1/subnetworks/default",
              "https://www.googleapis.com/compute/v1/projects/decoded-path-356013/regions/europe-west9/subnetworks/default",
              "https://www.googleapis.com/compute/v1/projects/decoded-path-356013/regions/asia-northeast2/subnetworks/default",
              "https://www.googleapis.com/compute/v1/projects/decoded-path-356013/regions/northamerica-northeast1/subnetworks/default"
            ]
          },
          "sensitive_attributes": []
        }
      ]
    },
    {
      "mode": "managed",
      "type": "google_compute_instance",
      "name": "vm_instance",
      "provider": "provider[\"registry.terraform.io/hashicorp/google\"]",
      "instances": [
        {
          "schema_version": 6,
          "attributes": {
            "advanced_machine_features": [],
            "allow_stopping_for_update": null,
            "attached_disk": [],
            "boot_disk": [
              {
                "auto_delete": true,
                "device_name": "persistent-disk-0",
                "disk_encryption_key_raw": "",
                "disk_encryption_key_sha256": "",
                "initialize_params": [
                  {
                    "image": "https://www.googleapis.com/compute/v1/projects/debian-cloud/global/images/debian-10-buster-v20220822",
                    "labels": {},
                    "size": 10,
                    "type": "pd-standard"
                  }
                ],
                "kms_key_self_link": "",
                "mode": "READ_WRITE",
                "source": "https://www.googleapis.com/compute/v1/projects/decoded-path-356013/zones/us-central1-c/disks/terraform-instance"
              }
            ],
            "can_ip_forward": false,
            "confidential_instance_config": [],
            "cpu_platform": "Intel Haswell",
            "current_status": "RUNNING",
            "deletion_protection": false,
            "description": "",
            "desired_status": null,
            "enable_display": false,
            "guest_accelerator": [],
            "hostname": "",
            "id": "projects/decoded-path-356013/zones/us-central1-c/instances/terraform-instance",
            "instance_id": "3121670512670558986",
            "label_fingerprint": "42WmSpB8rSM=",
            "labels": {},
            "machine_type": "f1-micro",
            "metadata": {},
            "metadata_fingerprint": "sZsktGTVqmI=",
            "metadata_startup_script": null,
            "min_cpu_platform": "",
            "name": "terraform-instance",
            "network_interface": [
              {
                "access_config": [
                  {
                    "nat_ip": "35.225.15.22",
                    "network_tier": "PREMIUM",
                    "public_ptr_domain_name": ""
                  }
                ],
                "alias_ip_range": [],
                "ipv6_access_config": [],
                "ipv6_access_type": "",
                "name": "nic0",
                "network": "https://www.googleapis.com/compute/v1/projects/decoded-path-356013/global/networks/terraform-network",
                "network_ip": "10.128.0.2",
                "nic_type": "",
                "queue_count": 0,
                "stack_type": "IPV4_ONLY",
                "subnetwork": "https://www.googleapis.com/compute/v1/projects/decoded-path-356013/regions/us-central1/subnetworks/terraform-network",
                "subnetwork_project": "decoded-path-356013"
              }
            ],
            "project": "decoded-path-356013",
            "reservation_affinity": [],
            "resource_policies": [],
            "scheduling": [
              {
                "automatic_restart": true,
                "instance_termination_action": "",
                "min_node_cpus": 0,
                "node_affinities": [],
                "on_host_maintenance": "MIGRATE",
                "preemptible": false,
                "provisioning_model": "STANDARD"
              }
            ],
            "scratch_disk": [],
            "self_link": "https://www.googleapis.com/compute/v1/projects/decoded-path-356013/zones/us-central1-c/instances/terraform-instance",
            "service_account": [],
            "shielded_instance_config": [
              {
                "enable_integrity_monitoring": true,
                "enable_secure_boot": false,
                "enable_vtpm": true
              }
            ],
            "tags": [],
            "tags_fingerprint": "42WmSpB8rSM=",
            "timeouts": null,
            "zone": "us-central1-c"
          },
          "sensitive_attributes": [],
          "private": "eyJlMmJmYjczMC1lY2FhLTExZTYtOGY4OC0zNDM2M2JjN2M0YzAiOnsiY3JlYXRlIjoxMjAwMDAwMDAwMDAwLCJkZWxldGUiOjEyMDAwMDAwMDAwMDAsInVwZGF0ZSI6MTIwMDAwMDAwMDAwMH0sInNjaGVtYV92ZXJzaW9uIjoiNiJ9",
          "dependencies": [
            "google_compute_network.vpc_network"
          ]
        }
      ]
    },
    {
      "mode": "managed",
      "type": "google_compute_network",
      "name": "vpc_network",
      "provider": "provider[\"registry.terraform.io/hashicorp/google\"]",
      "instances": [
        {
          "schema_version": 0,
          "attributes": {
            "auto_create_subnetworks": true,
            "delete_default_routes_on_create": false,
            "description": "",
            "enable_ula_internal_ipv6": false,
            "gateway_ipv4": "",
            "id": "projects/decoded-path-356013/global/networks/terraform-network",
            "internal_ipv6_range": "",
            "mtu": 0,
            "name": "terraform-network",
            "project": "decoded-path-356013",
            "routing_mode": "REGIONAL",
            "self_link": "https://www.googleapis.com/compute/v1/projects/decoded-path-356013/global/networks/terraform-network",
            "timeouts": null
          },
          "sensitive_attributes": [],
          "private": "eyJlMmJmYjczMC1lY2FhLTExZTYtOGY4OC0zNDM2M2JjN2M0YzAiOnsiY3JlYXRlIjoxMjAwMDAwMDAwMDAwLCJkZWxldGUiOjEyMDAwMDAwMDAwMDAsInVwZGF0ZSI6MTIwMDAwMDAwMDAwMH19"
        }
      ]
    },
    {
      "mode": "managed",
      "type": "google_sql_database_instance",
      "name": "mysql_80",
      "provider": "provider[\"registry.terraform.io/hashicorp/google\"]",
      "instances": [
        {
          "index_key": 1,
          "schema_version": 0,
          "attributes": {
            "clone": [],
            "connection_name": "decoded-path-356013:us-central1:test-1",
            "database_version": "MYSQL_8_0",
            "deletion_protection": true,
            "encryption_key_name": null,
            "first_ip_address": "34.68.131.210",
            "id": "test-1",
            "ip_address": [
              {
                "ip_address": "34.68.131.210",
                "time_to_retire": "",
                "type": "PRIMARY"
              }
            ],
            "master_instance_name": "",
            "name": "test-1",
            "private_ip_address": "",
            "project": "decoded-path-356013",
            "public_ip_address": "34.68.131.210",
            "region": "us-central1",
            "replica_configuration": [],
            "restore_backup_context": [],
            "root_password": null,
            "self_link": "https://sqladmin.googleapis.com/sql/v1beta4/projects/decoded-path-356013/instances/test-1",
            "server_ca_cert": [
              {
                "cert": "-----BEGIN CERTIFICATE-----\nMIIDfzCCAmegAwIBAgIBADANBgkqhkiG9w0BAQsFADB3MS0wKwYDVQQuEyQyZjY4\nM2JmYy1kMDc1LTQ0ODMtODVmNy04NWZmOGY4YTcyZTQxIzAhBgNVBAMTGkdvb2ds\nZSBDbG91ZCBTUUwgU2VydmVyIENBMRQwEgYDVQQKEwtHb29nbGUsIEluYzELMAkG\nA1UEBhMCVVMwHhcNMjIwOTIxMTEwODIxWhcNMzIwOTE4MTEwOTIxWjB3MS0wKwYD\nVQQuEyQyZjY4M2JmYy1kMDc1LTQ0ODMtODVmNy04NWZmOGY4YTcyZTQxIzAhBgNV\nBAMTGkdvb2dsZSBDbG91ZCBTUUwgU2VydmVyIENBMRQwEgYDVQQKEwtHb29nbGUs\nIEluYzELMAkGA1UEBhMCVVMwggEiMA0GCSqGSIb3DQEBAQUAA4IBDwAwggEKAoIB\nAQCg7IbNax7uqZ9/+QBAnEIZaa7CmE+yaHn9tpDKJok/hIBg4QCzkPgTufRmTmZY\n2ryOMWR2tUvMj9358IJ/JQssgYW1oARUkDtUovP8F1ga49fSbdQ4PEfVgpvZDina\nBXk4Kc4ZQaS8C1HwQUkrQS5TozuAfc+lN3y1ufevy4yGrweNKshnbNVwn/6F+zlh\n9WjKllpLqYKMoOYwJTPuD2NM37OaQzw7SJvhA5GUlYh4HKlepJAP8IVAXgP2gICA\n0wL6zYWR4tIFZXjtpPd8Iw0nbNyCkMDnZo9+aVuVZ3JgFHK+vv09ZDoOFNF3kvRo\n000Xbd3tOqgQNIkgHn1pSMcHAgMBAAGjFjAUMBIGA1UdEwEB/wQIMAYBAf8CAQAw\nDQYJKoZIhvcNAQELBQADggEBABnMXS3r0PR3J24JpfMD2uQwX0uONDNjLJuMAc5F\nhXoFW7whD9tD2Ohp4lU3F1qi48UAbBEKT4GAUw1xVN5CAZcEsFSag7fGxSy+wOqg\nyKxZP5mgcLOhmvmC8WP5LHb4lbQEhoCVAYes9LKvgUPJ7zGhW01FjIpPosRd3uMZ\nEnV0WiQAZd69Q2NMUeVQchwL1ytfWxTyjbQIKkxcSSFf3eKjzIGlxcep7OG6f9n4\nkpo1Cu1fYvoCPi/Ytq9Rd8YcuynWhFQzU792OzJNtDbRzodMJKAGvdjbo9R74Wz1\n0qZQrzoYyfC8S1+zl0sEfklN8oDn6hbZg+I1r5nqxZL5Ze8=\n-----END CERTIFICATE-----",
                "common_name": "C=US,O=Google\\, Inc,CN=Google Cloud SQL Server CA,dnQualifier=2f683bfc-d075-4483-85f7-85ff8f8a72e4",
                "create_time": "2022-09-21T11:08:21.524Z",
                "expiration_time": "2032-09-18T11:09:21.524Z",
                "sha1_fingerprint": "189efa6c4b786a1bb62f1548b60cfed5526d5abf"
              }
            ],
            "service_account_email_address": "p37000165393-1hau43@gcp-sa-cloud-sql.iam.gserviceaccount.com",
            "settings": [
              {
                "activation_policy": "ALWAYS",
                "active_directory_config": [],
                "availability_type": "ZONAL",
                "backup_configuration": [
                  {
                    "backup_retention_settings": [
                      {
                        "retained_backups": 7,
                        "retention_unit": "COUNT"
                      }
                    ],
                    "binary_log_enabled": false,
                    "enabled": false,
                    "location": "",
                    "point_in_time_recovery_enabled": false,
                    "start_time": "10:00",
                    "transaction_log_retention_days": 7
                  }
                ],
                "collation": "",
                "database_flags": [],
                "disk_autoresize": true,
                "disk_autoresize_limit": 0,
                "disk_size": 10,
                "disk_type": "PD_SSD",
                "insights_config": [],
                "ip_configuration": [
                  {
                    "allocated_ip_range": "",
                    "authorized_networks": [],
                    "ipv4_enabled": true,
                    "private_network": "",
                    "require_ssl": false
                  }
                ],
                "location_preference": [
                  {
                    "follow_gae_application": "",
                    "secondary_zone": "",
                    "zone": "us-central1-b"
                  }
                ],
                "maintenance_window": [],
                "password_validation_policy": [],
                "pricing_plan": "PER_USE",
                "sql_server_audit_config": [],
                "tier": "db-f1-micro",
                "user_labels": {},
                "version": 1
              }
            ],
            "timeouts": null
          },
          "sensitive_attributes": [],
          "private": "eyJlMmJmYjczMC1lY2FhLTExZTYtOGY4OC0zNDM2M2JjN2M0YzAiOnsiY3JlYXRlIjoxODAwMDAwMDAwMDAwLCJkZWxldGUiOjE4MDAwMDAwMDAwMDAsInVwZGF0ZSI6MTgwMDAwMDAwMDAwMH19"
        }
      ]
    }
  ]
}
